
Microsoft Visual Studio Solution File, Format Version 12.00
# Visual Studio Version 17
VisualStudioVersion = 17.6.33829.357
MinimumVisualStudioVersion = 10.0.40219.1
Project("{9A19103F-16F7-4668-BE54-9A1E7A4F7556}") = "dadadanet", "dadadanet\dadadanet.csproj", "{FDDB5145-ECF0-4CF1-8476-DAB8AA16725E}"
EndProject
Project("{FAE04EC0-301F-11D3-BF4B-00C04F79EFBC}") = "gavmeaw", "AvaloniaApplication1\gavmeaw.csproj", "{631BA852-C368-4187-BF8B-B0B4B0B56539}"
EndProject
Global
	GlobalSection(SolutionConfigurationPlatforms) = preSolution
		Debug|Any CPU = Debug|Any CPU
		Release|Any CPU = Release|Any CPU
	EndGlobalSection
	GlobalSection(ProjectConfigurationPlatforms) = postSolution
		{FDDB5145-ECF0-4CF1-8476-DAB8AA16725E}.Debug|Any CPU.ActiveCfg = Debug|Any CPU
		{FDDB5145-ECF0-4CF1-8476-DAB8AA16725E}.Debug|Any CPU.Build.0 = Debug|Any CPU
		{FDDB5145-ECF0-4CF1-8476-DAB8AA16725E}.Release|Any CPU.ActiveCfg = Release|Any CPU
		{FDDB5145-ECF0-4CF1-8476-DAB8AA16725E}.Release|Any CPU.Build.0 = Release|Any CPU
		{631BA852-C368-4187-BF8B-B0B4B0B56539}.Debug|Any CPU.ActiveCfg = Debug|Any CPU
		{631BA852-C368-4187-BF8B-B0B4B0B56539}.Debug|Any CPU.Build.0 = Debug|Any CPU
		{631BA852-C368-4187-BF8B-B0B4B0B56539}.Release|Any CPU.ActiveCfg = Release|Any CPU
		{631BA852-C368-4187-BF8B-B0B4B0B56539}.Release|Any CPU.Build.0 = Release|Any CPU
	EndGlobalSection
	GlobalSection(SolutionProperties) = preSolution
		HideSolutionNode = FALSE
	EndGlobalSection
	GlobalSection(ExtensibilityGlobals) = postSolution
		SolutionGuid = {38706019-006B-4F30-A97E-14E5CF61E4AC}
	EndGlobalSection
EndGlobal
